
Microsoft Visual Studio Solution File, Format Version 12.00
Project("{FAE04EC0-301F-11D3-BF4B-00C04F79EFBC}") = "RulesEngine", "RulesEngine.csproj", "{44039820-C1F4-43B9-A84F-ECB705BF4F7F}"
EndProject
Project("{FAE04EC0-301F-11D3-BF4B-00C04F79EFBC}") = "RulesEngine.Tests", "RulesEngine.Tests\RulesEngine.Tests.csproj", "{05BD8BAB-476B-4B8A-84D6-76655F7A9FCA}"
EndProject
Global
	GlobalSection(SolutionConfigurationPlatforms) = preSolution
		Debug|Any CPU = Debug|Any CPU
		Release|Any CPU = Release|Any CPU
	EndGlobalSection
	GlobalSection(ProjectConfigurationPlatforms) = postSolution
		{44039820-C1F4-43B9-A84F-ECB705BF4F7F}.Debug|Any CPU.ActiveCfg = Debug|Any CPU
		{44039820-C1F4-43B9-A84F-ECB705BF4F7F}.Debug|Any CPU.Build.0 = Debug|Any CPU
		{44039820-C1F4-43B9-A84F-ECB705BF4F7F}.Release|Any CPU.ActiveCfg = Release|Any CPU
		{44039820-C1F4-43B9-A84F-ECB705BF4F7F}.Release|Any CPU.Build.0 = Release|Any CPU
		{05BD8BAB-476B-4B8A-84D6-76655F7A9FCA}.Debug|Any CPU.ActiveCfg = Debug|Any CPU
		{05BD8BAB-476B-4B8A-84D6-76655F7A9FCA}.Debug|Any CPU.Build.0 = Debug|Any CPU
		{05BD8BAB-476B-4B8A-84D6-76655F7A9FCA}.Release|Any CPU.ActiveCfg = Release|Any CPU
		{05BD8BAB-476B-4B8A-84D6-76655F7A9FCA}.Release|Any CPU.Build.0 = Release|Any CPU
	EndGlobalSection
EndGlobal
